// !$*UTF8*$!
{
	archiveVersion = 1;
	classes = {
	};
	objectVersion = 51;
	objects = {

/* Begin PBXBuildFile section */
		3CCE5FA524E13482DA9BFE36 /* Pods_nutrition_app.framework in Frameworks */ = {isa = PBXBuildFile; fileRef = 8302A2D3EA1AE05E427B1602 /* Pods_nutrition_app.framework */; };
		3DE27B9296D3CBCAC9266C8E /* Pods_nutrition_app_nutrition_appUITests.framework in Frameworks */ = {isa = PBXBuildFile; fileRef = 2B1704B3F04C6ACFC2473B5D /* Pods_nutrition_app_nutrition_appUITests.framework */; };
		6D1B6862254DFAEA00F17644 /* AppDelegate.swift in Sources */ = {isa = PBXBuildFile; fileRef = 6D1B6861254DFAEA00F17644 /* AppDelegate.swift */; };
		6D1B6864254DFAEA00F17644 /* SceneDelegate.swift in Sources */ = {isa = PBXBuildFile; fileRef = 6D1B6863254DFAEA00F17644 /* SceneDelegate.swift */; };
		6D1B6866254DFAEA00F17644 /* QuestionnaireViewController.swift in Sources */ = {isa = PBXBuildFile; fileRef = 6D1B6865254DFAEA00F17644 /* QuestionnaireViewController.swift */; };
		6D1B6869254DFAEA00F17644 /* Main.storyboard in Resources */ = {isa = PBXBuildFile; fileRef = 6D1B6867254DFAEA00F17644 /* Main.storyboard */; };
		6D1B686B254DFAED00F17644 /* Assets.xcassets in Resources */ = {isa = PBXBuildFile; fileRef = 6D1B686A254DFAED00F17644 /* Assets.xcassets */; };
		6D1B686E254DFAED00F17644 /* LaunchScreen.storyboard in Resources */ = {isa = PBXBuildFile; fileRef = 6D1B686C254DFAED00F17644 /* LaunchScreen.storyboard */; };
		6D1B6879254DFAED00F17644 /* nutrition_appTests.swift in Sources */ = {isa = PBXBuildFile; fileRef = 6D1B6878254DFAED00F17644 /* nutrition_appTests.swift */; };
		6D1B6884254DFAED00F17644 /* nutrition_appUITests.swift in Sources */ = {isa = PBXBuildFile; fileRef = 6D1B6883254DFAED00F17644 /* nutrition_appUITests.swift */; };
		6D5E07E72592489800E0CCC2 /* AddChildViewController3.swift in Sources */ = {isa = PBXBuildFile; fileRef = 6D5E07E62592489800E0CCC2 /* AddChildViewController3.swift */; };
		6D7FBC9325876CCF00B0E52C /* AddChildViewController.swift in Sources */ = {isa = PBXBuildFile; fileRef = 6D7FBC9225876CCF00B0E52C /* AddChildViewController.swift */; };
		6D98C567255212FB00C91B54 /* GoogleService-Info.plist in Resources */ = {isa = PBXBuildFile; fileRef = 6D98C566255212FB00C91B54 /* GoogleService-Info.plist */; };
		6D98C62425521DF100C91B54 /* LoginViewController.swift in Sources */ = {isa = PBXBuildFile; fileRef = 6D98C62325521DF100C91B54 /* LoginViewController.swift */; };
		6D98C62925521E0500C91B54 /* SignupViewController.swift in Sources */ = {isa = PBXBuildFile; fileRef = 6D98C62825521E0500C91B54 /* SignupViewController.swift */; };
		6D98C63D25530ED100C91B54 /* QuestionnaireCellTableViewCell.swift in Sources */ = {isa = PBXBuildFile; fileRef = 6D98C63B25530ED100C91B54 /* QuestionnaireCellTableViewCell.swift */; };
		6D98C63E25530ED100C91B54 /* QuestionnaireCellTableViewCell.xib in Resources */ = {isa = PBXBuildFile; fileRef = 6D98C63C25530ED100C91B54 /* QuestionnaireCellTableViewCell.xib */; };
		6DD5A3F12591F0E900CFEB3C /* AddChildViewController2.swift in Sources */ = {isa = PBXBuildFile; fileRef = 6DD5A3F02591F0E900CFEB3C /* AddChildViewController2.swift */; };
		710590E82DEB9D63E2E58AE4 /* Pods_nutrition_appTests.framework in Frameworks */ = {isa = PBXBuildFile; fileRef = 9F20C1FE277EC68D2D68E049 /* Pods_nutrition_appTests.framework */; };
/* End PBXBuildFile section */

/* Begin PBXContainerItemProxy section */
		6D1B6875254DFAED00F17644 /* PBXContainerItemProxy */ = {
			isa = PBXContainerItemProxy;
			containerPortal = 6D1B6856254DFAEA00F17644 /* Project object */;
			proxyType = 1;
			remoteGlobalIDString = 6D1B685D254DFAEA00F17644;
			remoteInfo = "nutrition-app";
		};
		6D1B6880254DFAED00F17644 /* PBXContainerItemProxy */ = {
			isa = PBXContainerItemProxy;
			containerPortal = 6D1B6856254DFAEA00F17644 /* Project object */;
			proxyType = 1;
			remoteGlobalIDString = 6D1B685D254DFAEA00F17644;
			remoteInfo = "nutrition-app";
		};
/* End PBXContainerItemProxy section */

/* Begin PBXFileReference section */
		2B1704B3F04C6ACFC2473B5D /* Pods_nutrition_app_nutrition_appUITests.framework */ = {isa = PBXFileReference; explicitFileType = wrapper.framework; includeInIndex = 0; path = Pods_nutrition_app_nutrition_appUITests.framework; sourceTree = BUILT_PRODUCTS_DIR; };
		3C58697E6368A10313468A3D /* Pods-nutrition-appTests.release.xcconfig */ = {isa = PBXFileReference; includeInIndex = 1; lastKnownFileType = text.xcconfig; name = "Pods-nutrition-appTests.release.xcconfig"; path = "Target Support Files/Pods-nutrition-appTests/Pods-nutrition-appTests.release.xcconfig"; sourceTree = "<group>"; };
		42A74DC398D80C32998E7DE1 /* Pods-nutrition-app-nutrition-appUITests.debug.xcconfig */ = {isa = PBXFileReference; includeInIndex = 1; lastKnownFileType = text.xcconfig; name = "Pods-nutrition-app-nutrition-appUITests.debug.xcconfig"; path = "Target Support Files/Pods-nutrition-app-nutrition-appUITests/Pods-nutrition-app-nutrition-appUITests.debug.xcconfig"; sourceTree = "<group>"; };
		6D1B685E254DFAEA00F17644 /* nutrition-app.app */ = {isa = PBXFileReference; explicitFileType = wrapper.application; includeInIndex = 0; path = "nutrition-app.app"; sourceTree = BUILT_PRODUCTS_DIR; };
		6D1B6861254DFAEA00F17644 /* AppDelegate.swift */ = {isa = PBXFileReference; lastKnownFileType = sourcecode.swift; path = AppDelegate.swift; sourceTree = "<group>"; };
		6D1B6863254DFAEA00F17644 /* SceneDelegate.swift */ = {isa = PBXFileReference; lastKnownFileType = sourcecode.swift; path = SceneDelegate.swift; sourceTree = "<group>"; };
		6D1B6865254DFAEA00F17644 /* QuestionnaireViewController.swift */ = {isa = PBXFileReference; lastKnownFileType = sourcecode.swift; path = QuestionnaireViewController.swift; sourceTree = "<group>"; };
		6D1B6868254DFAEA00F17644 /* Base */ = {isa = PBXFileReference; lastKnownFileType = file.storyboard; name = Base; path = Base.lproj/Main.storyboard; sourceTree = "<group>"; };
		6D1B686A254DFAED00F17644 /* Assets.xcassets */ = {isa = PBXFileReference; lastKnownFileType = folder.assetcatalog; path = Assets.xcassets; sourceTree = "<group>"; };
		6D1B686D254DFAED00F17644 /* Base */ = {isa = PBXFileReference; lastKnownFileType = file.storyboard; name = Base; path = Base.lproj/LaunchScreen.storyboard; sourceTree = "<group>"; };
		6D1B686F254DFAED00F17644 /* Info.plist */ = {isa = PBXFileReference; lastKnownFileType = text.plist.xml; path = Info.plist; sourceTree = "<group>"; };
		6D1B6874254DFAED00F17644 /* nutrition-appTests.xctest */ = {isa = PBXFileReference; explicitFileType = wrapper.cfbundle; includeInIndex = 0; path = "nutrition-appTests.xctest"; sourceTree = BUILT_PRODUCTS_DIR; };
		6D1B6878254DFAED00F17644 /* nutrition_appTests.swift */ = {isa = PBXFileReference; lastKnownFileType = sourcecode.swift; path = nutrition_appTests.swift; sourceTree = "<group>"; };
		6D1B687A254DFAED00F17644 /* Info.plist */ = {isa = PBXFileReference; lastKnownFileType = text.plist.xml; path = Info.plist; sourceTree = "<group>"; };
		6D1B687F254DFAED00F17644 /* nutrition-appUITests.xctest */ = {isa = PBXFileReference; explicitFileType = wrapper.cfbundle; includeInIndex = 0; path = "nutrition-appUITests.xctest"; sourceTree = BUILT_PRODUCTS_DIR; };
		6D1B6883254DFAED00F17644 /* nutrition_appUITests.swift */ = {isa = PBXFileReference; lastKnownFileType = sourcecode.swift; path = nutrition_appUITests.swift; sourceTree = "<group>"; };
		6D1B6885254DFAED00F17644 /* Info.plist */ = {isa = PBXFileReference; lastKnownFileType = text.plist.xml; path = Info.plist; sourceTree = "<group>"; };
		6D5E07E62592489800E0CCC2 /* AddChildViewController3.swift */ = {isa = PBXFileReference; lastKnownFileType = sourcecode.swift; path = AddChildViewController3.swift; sourceTree = "<group>"; };
		6D7FBC9225876CCF00B0E52C /* AddChildViewController.swift */ = {isa = PBXFileReference; lastKnownFileType = sourcecode.swift; path = AddChildViewController.swift; sourceTree = "<group>"; };
		6D98C566255212FB00C91B54 /* GoogleService-Info.plist */ = {isa = PBXFileReference; fileEncoding = 4; lastKnownFileType = text.plist.xml; path = "GoogleService-Info.plist"; sourceTree = "<group>"; };
		6D98C62325521DF100C91B54 /* LoginViewController.swift */ = {isa = PBXFileReference; lastKnownFileType = sourcecode.swift; path = LoginViewController.swift; sourceTree = "<group>"; };
		6D98C62825521E0500C91B54 /* SignupViewController.swift */ = {isa = PBXFileReference; lastKnownFileType = sourcecode.swift; path = SignupViewController.swift; sourceTree = "<group>"; };
		6D98C63B25530ED100C91B54 /* QuestionnaireCellTableViewCell.swift */ = {isa = PBXFileReference; lastKnownFileType = sourcecode.swift; path = QuestionnaireCellTableViewCell.swift; sourceTree = "<group>"; };
		6D98C63C25530ED100C91B54 /* QuestionnaireCellTableViewCell.xib */ = {isa = PBXFileReference; lastKnownFileType = file.xib; path = QuestionnaireCellTableViewCell.xib; sourceTree = "<group>"; };
		6DD5A3F02591F0E900CFEB3C /* AddChildViewController2.swift */ = {isa = PBXFileReference; lastKnownFileType = sourcecode.swift; path = AddChildViewController2.swift; sourceTree = "<group>"; };
		8302A2D3EA1AE05E427B1602 /* Pods_nutrition_app.framework */ = {isa = PBXFileReference; explicitFileType = wrapper.framework; includeInIndex = 0; path = Pods_nutrition_app.framework; sourceTree = BUILT_PRODUCTS_DIR; };
		8ED6C93CA808D2CC5A07F234 /* Pods-nutrition-app.release.xcconfig */ = {isa = PBXFileReference; includeInIndex = 1; lastKnownFileType = text.xcconfig; name = "Pods-nutrition-app.release.xcconfig"; path = "Target Support Files/Pods-nutrition-app/Pods-nutrition-app.release.xcconfig"; sourceTree = "<group>"; };
		9F20C1FE277EC68D2D68E049 /* Pods_nutrition_appTests.framework */ = {isa = PBXFileReference; explicitFileType = wrapper.framework; includeInIndex = 0; path = Pods_nutrition_appTests.framework; sourceTree = BUILT_PRODUCTS_DIR; };
		A0F4D403466BAA8EC4397C7B /* Pods-nutrition-appTests.debug.xcconfig */ = {isa = PBXFileReference; includeInIndex = 1; lastKnownFileType = text.xcconfig; name = "Pods-nutrition-appTests.debug.xcconfig"; path = "Target Support Files/Pods-nutrition-appTests/Pods-nutrition-appTests.debug.xcconfig"; sourceTree = "<group>"; };
		CA83BCC2AE3CA81EB9DA97B2 /* Pods-nutrition-app.debug.xcconfig */ = {isa = PBXFileReference; includeInIndex = 1; lastKnownFileType = text.xcconfig; name = "Pods-nutrition-app.debug.xcconfig"; path = "Target Support Files/Pods-nutrition-app/Pods-nutrition-app.debug.xcconfig"; sourceTree = "<group>"; };
		FA80B916E802E4123F8A14E8 /* Pods-nutrition-app-nutrition-appUITests.release.xcconfig */ = {isa = PBXFileReference; includeInIndex = 1; lastKnownFileType = text.xcconfig; name = "Pods-nutrition-app-nutrition-appUITests.release.xcconfig"; path = "Target Support Files/Pods-nutrition-app-nutrition-appUITests/Pods-nutrition-app-nutrition-appUITests.release.xcconfig"; sourceTree = "<group>"; };
/* End PBXFileReference section */

/* Begin PBXFrameworksBuildPhase section */
		6D1B685B254DFAEA00F17644 /* Frameworks */ = {
			isa = PBXFrameworksBuildPhase;
			buildActionMask = 2147483647;
			files = (
				3CCE5FA524E13482DA9BFE36 /* Pods_nutrition_app.framework in Frameworks */,
			);
			runOnlyForDeploymentPostprocessing = 0;
		};
		6D1B6871254DFAED00F17644 /* Frameworks */ = {
			isa = PBXFrameworksBuildPhase;
			buildActionMask = 2147483647;
			files = (
				710590E82DEB9D63E2E58AE4 /* Pods_nutrition_appTests.framework in Frameworks */,
			);
			runOnlyForDeploymentPostprocessing = 0;
		};
		6D1B687C254DFAED00F17644 /* Frameworks */ = {
			isa = PBXFrameworksBuildPhase;
			buildActionMask = 2147483647;
			files = (
				3DE27B9296D3CBCAC9266C8E /* Pods_nutrition_app_nutrition_appUITests.framework in Frameworks */,
			);
			runOnlyForDeploymentPostprocessing = 0;
		};
/* End PBXFrameworksBuildPhase section */

/* Begin PBXGroup section */
		6D1B6855254DFAEA00F17644 = {
			isa = PBXGroup;
			children = (
				6D1B6860254DFAEA00F17644 /* nutrition-app */,
				6D1B6877254DFAED00F17644 /* nutrition-appTests */,
				6D1B6882254DFAED00F17644 /* nutrition-appUITests */,
				6D1B685F254DFAEA00F17644 /* Products */,
				A10F0A27DB11DCBE3F222307 /* Pods */,
				BB397E6C7009463774C299BC /* Frameworks */,
			);
			sourceTree = "<group>";
		};
		6D1B685F254DFAEA00F17644 /* Products */ = {
			isa = PBXGroup;
			children = (
				6D1B685E254DFAEA00F17644 /* nutrition-app.app */,
				6D1B6874254DFAED00F17644 /* nutrition-appTests.xctest */,
				6D1B687F254DFAED00F17644 /* nutrition-appUITests.xctest */,
			);
			name = Products;
			sourceTree = "<group>";
		};
		6D1B6860254DFAEA00F17644 /* nutrition-app */ = {
			isa = PBXGroup;
			children = (
				6D1B6861254DFAEA00F17644 /* AppDelegate.swift */,
				6D1B6863254DFAEA00F17644 /* SceneDelegate.swift */,
				6D1B6865254DFAEA00F17644 /* QuestionnaireViewController.swift */,
				6D98C62325521DF100C91B54 /* LoginViewController.swift */,
				6D98C62825521E0500C91B54 /* SignupViewController.swift */,
				6D7FBC9225876CCF00B0E52C /* AddChildViewController.swift */,
				6DD5A3F02591F0E900CFEB3C /* AddChildViewController2.swift */,
				6D5E07E62592489800E0CCC2 /* AddChildViewController3.swift */,
				6D98C63A25530E8D00C91B54 /* View */,
				6D1B6867254DFAEA00F17644 /* Main.storyboard */,
				6D1B686A254DFAED00F17644 /* Assets.xcassets */,
				6D1B686C254DFAED00F17644 /* LaunchScreen.storyboard */,
				6D1B686F254DFAED00F17644 /* Info.plist */,
				6D98C566255212FB00C91B54 /* GoogleService-Info.plist */,
			);
			path = "nutrition-app";
			sourceTree = "<group>";
		};
		6D1B6877254DFAED00F17644 /* nutrition-appTests */ = {
			isa = PBXGroup;
			children = (
				6D1B6878254DFAED00F17644 /* nutrition_appTests.swift */,
				6D1B687A254DFAED00F17644 /* Info.plist */,
			);
			path = "nutrition-appTests";
			sourceTree = "<group>";
		};
		6D1B6882254DFAED00F17644 /* nutrition-appUITests */ = {
			isa = PBXGroup;
			children = (
				6D1B6883254DFAED00F17644 /* nutrition_appUITests.swift */,
				6D1B6885254DFAED00F17644 /* Info.plist */,
			);
			path = "nutrition-appUITests";
			sourceTree = "<group>";
		};
		6D98C63A25530E8D00C91B54 /* View */ = {
			isa = PBXGroup;
			children = (
				6D98C63B25530ED100C91B54 /* QuestionnaireCellTableViewCell.swift */,
				6D98C63C25530ED100C91B54 /* QuestionnaireCellTableViewCell.xib */,
			);
			path = View;
			sourceTree = "<group>";
		};
		A10F0A27DB11DCBE3F222307 /* Pods */ = {
			isa = PBXGroup;
			children = (
				CA83BCC2AE3CA81EB9DA97B2 /* Pods-nutrition-app.debug.xcconfig */,
				8ED6C93CA808D2CC5A07F234 /* Pods-nutrition-app.release.xcconfig */,
				42A74DC398D80C32998E7DE1 /* Pods-nutrition-app-nutrition-appUITests.debug.xcconfig */,
				FA80B916E802E4123F8A14E8 /* Pods-nutrition-app-nutrition-appUITests.release.xcconfig */,
				A0F4D403466BAA8EC4397C7B /* Pods-nutrition-appTests.debug.xcconfig */,
				3C58697E6368A10313468A3D /* Pods-nutrition-appTests.release.xcconfig */,
			);
			path = Pods;
			sourceTree = "<group>";
		};
		BB397E6C7009463774C299BC /* Frameworks */ = {
			isa = PBXGroup;
			children = (
				8302A2D3EA1AE05E427B1602 /* Pods_nutrition_app.framework */,
				2B1704B3F04C6ACFC2473B5D /* Pods_nutrition_app_nutrition_appUITests.framework */,
				9F20C1FE277EC68D2D68E049 /* Pods_nutrition_appTests.framework */,
			);
			name = Frameworks;
			sourceTree = "<group>";
		};
/* End PBXGroup section */

/* Begin PBXNativeTarget section */
		6D1B685D254DFAEA00F17644 /* nutrition-app */ = {
			isa = PBXNativeTarget;
			buildConfigurationList = 6D1B6888254DFAED00F17644 /* Build configuration list for PBXNativeTarget "nutrition-app" */;
			buildPhases = (
				46B25361909A98B3981BC06A /* [CP] Check Pods Manifest.lock */,
				6D1B685A254DFAEA00F17644 /* Sources */,
				6D1B685B254DFAEA00F17644 /* Frameworks */,
				6D1B685C254DFAEA00F17644 /* Resources */,
				D990682821834E06E4A2C5D9 /* [CP] Embed Pods Frameworks */,
			);
			buildRules = (
			);
			dependencies = (
			);
			name = "nutrition-app";
			productName = "nutrition-app";
			productReference = 6D1B685E254DFAEA00F17644 /* nutrition-app.app */;
			productType = "com.apple.product-type.application";
		};
		6D1B6873254DFAED00F17644 /* nutrition-appTests */ = {
			isa = PBXNativeTarget;
			buildConfigurationList = 6D1B688B254DFAED00F17644 /* Build configuration list for PBXNativeTarget "nutrition-appTests" */;
			buildPhases = (
				CCFEE810434938477D1110D8 /* [CP] Check Pods Manifest.lock */,
				6D1B6870254DFAED00F17644 /* Sources */,
				6D1B6871254DFAED00F17644 /* Frameworks */,
				6D1B6872254DFAED00F17644 /* Resources */,
			);
			buildRules = (
			);
			dependencies = (
				6D1B6876254DFAED00F17644 /* PBXTargetDependency */,
			);
			name = "nutrition-appTests";
			productName = "nutrition-appTests";
			productReference = 6D1B6874254DFAED00F17644 /* nutrition-appTests.xctest */;
			productType = "com.apple.product-type.bundle.unit-test";
		};
		6D1B687E254DFAED00F17644 /* nutrition-appUITests */ = {
			isa = PBXNativeTarget;
			buildConfigurationList = 6D1B688E254DFAED00F17644 /* Build configuration list for PBXNativeTarget "nutrition-appUITests" */;
			buildPhases = (
				64B36C66B47FA58791FADFDB /* [CP] Check Pods Manifest.lock */,
				6D1B687B254DFAED00F17644 /* Sources */,
				6D1B687C254DFAED00F17644 /* Frameworks */,
				6D1B687D254DFAED00F17644 /* Resources */,
				0E1050265B71771214357E8D /* [CP] Embed Pods Frameworks */,
			);
			buildRules = (
			);
			dependencies = (
				6D1B6881254DFAED00F17644 /* PBXTargetDependency */,
			);
			name = "nutrition-appUITests";
			productName = "nutrition-appUITests";
			productReference = 6D1B687F254DFAED00F17644 /* nutrition-appUITests.xctest */;
			productType = "com.apple.product-type.bundle.ui-testing";
		};
/* End PBXNativeTarget section */

/* Begin PBXProject section */
		6D1B6856254DFAEA00F17644 /* Project object */ = {
			isa = PBXProject;
			attributes = {
				LastSwiftUpdateCheck = 1210;
				LastUpgradeCheck = 1210;
				TargetAttributes = {
					6D1B685D254DFAEA00F17644 = {
						CreatedOnToolsVersion = 12.1;
					};
					6D1B6873254DFAED00F17644 = {
						CreatedOnToolsVersion = 12.1;
						TestTargetID = 6D1B685D254DFAEA00F17644;
					};
					6D1B687E254DFAED00F17644 = {
						CreatedOnToolsVersion = 12.1;
						TestTargetID = 6D1B685D254DFAEA00F17644;
					};
				};
			};
			buildConfigurationList = 6D1B6859254DFAEA00F17644 /* Build configuration list for PBXProject "nutrition-app" */;
			compatibilityVersion = "Xcode 9.3";
			developmentRegion = en;
			hasScannedForEncodings = 0;
			knownRegions = (
				en,
				Base,
			);
			mainGroup = 6D1B6855254DFAEA00F17644;
			productRefGroup = 6D1B685F254DFAEA00F17644 /* Products */;
			projectDirPath = "";
			projectRoot = "";
			targets = (
				6D1B685D254DFAEA00F17644 /* nutrition-app */,
				6D1B6873254DFAED00F17644 /* nutrition-appTests */,
				6D1B687E254DFAED00F17644 /* nutrition-appUITests */,
			);
		};
/* End PBXProject section */

/* Begin PBXResourcesBuildPhase section */
		6D1B685C254DFAEA00F17644 /* Resources */ = {
			isa = PBXResourcesBuildPhase;
			buildActionMask = 2147483647;
			files = (
				6D1B686E254DFAED00F17644 /* LaunchScreen.storyboard in Resources */,
				6D98C567255212FB00C91B54 /* GoogleService-Info.plist in Resources */,
				6D1B686B254DFAED00F17644 /* Assets.xcassets in Resources */,
				6D1B6869254DFAEA00F17644 /* Main.storyboard in Resources */,
				6D98C63E25530ED100C91B54 /* QuestionnaireCellTableViewCell.xib in Resources */,
			);
			runOnlyForDeploymentPostprocessing = 0;
		};
		6D1B6872254DFAED00F17644 /* Resources */ = {
			isa = PBXResourcesBuildPhase;
			buildActionMask = 2147483647;
			files = (
			);
			runOnlyForDeploymentPostprocessing = 0;
		};
		6D1B687D254DFAED00F17644 /* Resources */ = {
			isa = PBXResourcesBuildPhase;
			buildActionMask = 2147483647;
			files = (
			);
			runOnlyForDeploymentPostprocessing = 0;
		};
/* End PBXResourcesBuildPhase section */

/* Begin PBXShellScriptBuildPhase section */
		0E1050265B71771214357E8D /* [CP] Embed Pods Frameworks */ = {
			isa = PBXShellScriptBuildPhase;
			buildActionMask = 2147483647;
			files = (
			);
			inputFileListPaths = (
				"${PODS_ROOT}/Target Support Files/Pods-nutrition-app-nutrition-appUITests/Pods-nutrition-app-nutrition-appUITests-frameworks-${CONFIGURATION}-input-files.xcfilelist",
			);
			name = "[CP] Embed Pods Frameworks";
			outputFileListPaths = (
				"${PODS_ROOT}/Target Support Files/Pods-nutrition-app-nutrition-appUITests/Pods-nutrition-app-nutrition-appUITests-frameworks-${CONFIGURATION}-output-files.xcfilelist",
			);
			runOnlyForDeploymentPostprocessing = 0;
			shellPath = /bin/sh;
			shellScript = "\"${PODS_ROOT}/Target Support Files/Pods-nutrition-app-nutrition-appUITests/Pods-nutrition-app-nutrition-appUITests-frameworks.sh\"\n";
			showEnvVarsInLog = 0;
		};
		46B25361909A98B3981BC06A /* [CP] Check Pods Manifest.lock */ = {
			isa = PBXShellScriptBuildPhase;
			buildActionMask = 2147483647;
			files = (
			);
			inputFileListPaths = (
			);
			inputPaths = (
				"${PODS_PODFILE_DIR_PATH}/Podfile.lock",
				"${PODS_ROOT}/Manifest.lock",
			);
			name = "[CP] Check Pods Manifest.lock";
			outputFileListPaths = (
			);
			outputPaths = (
				"$(DERIVED_FILE_DIR)/Pods-nutrition-app-checkManifestLockResult.txt",
			);
			runOnlyForDeploymentPostprocessing = 0;
			shellPath = /bin/sh;
			shellScript = "diff \"${PODS_PODFILE_DIR_PATH}/Podfile.lock\" \"${PODS_ROOT}/Manifest.lock\" > /dev/null\nif [ $? != 0 ] ; then\n    # print error to STDERR\n    echo \"error: The sandbox is not in sync with the Podfile.lock. Run 'pod install' or update your CocoaPods installation.\" >&2\n    exit 1\nfi\n# This output is used by Xcode 'outputs' to avoid re-running this script phase.\necho \"SUCCESS\" > \"${SCRIPT_OUTPUT_FILE_0}\"\n";
			showEnvVarsInLog = 0;
		};
		64B36C66B47FA58791FADFDB /* [CP] Check Pods Manifest.lock */ = {
			isa = PBXShellScriptBuildPhase;
			buildActionMask = 2147483647;
			files = (
			);
			inputFileListPaths = (
			);
			inputPaths = (
				"${PODS_PODFILE_DIR_PATH}/Podfile.lock",
				"${PODS_ROOT}/Manifest.lock",
			);
			name = "[CP] Check Pods Manifest.lock";
			outputFileListPaths = (
			);
			outputPaths = (
				"$(DERIVED_FILE_DIR)/Pods-nutrition-app-nutrition-appUITests-checkManifestLockResult.txt",
			);
			runOnlyForDeploymentPostprocessing = 0;
			shellPath = /bin/sh;
			shellScript = "diff \"${PODS_PODFILE_DIR_PATH}/Podfile.lock\" \"${PODS_ROOT}/Manifest.lock\" > /dev/null\nif [ $? != 0 ] ; then\n    # print error to STDERR\n    echo \"error: The sandbox is not in sync with the Podfile.lock. Run 'pod install' or update your CocoaPods installation.\" >&2\n    exit 1\nfi\n# This output is used by Xcode 'outputs' to avoid re-running this script phase.\necho \"SUCCESS\" > \"${SCRIPT_OUTPUT_FILE_0}\"\n";
			showEnvVarsInLog = 0;
		};
		CCFEE810434938477D1110D8 /* [CP] Check Pods Manifest.lock */ = {
			isa = PBXShellScriptBuildPhase;
			buildActionMask = 2147483647;
			files = (
			);
			inputFileListPaths = (
			);
			inputPaths = (
				"${PODS_PODFILE_DIR_PATH}/Podfile.lock",
				"${PODS_ROOT}/Manifest.lock",
			);
			name = "[CP] Check Pods Manifest.lock";
			outputFileListPaths = (
			);
			outputPaths = (
				"$(DERIVED_FILE_DIR)/Pods-nutrition-appTests-checkManifestLockResult.txt",
			);
			runOnlyForDeploymentPostprocessing = 0;
			shellPath = /bin/sh;
			shellScript = "diff \"${PODS_PODFILE_DIR_PATH}/Podfile.lock\" \"${PODS_ROOT}/Manifest.lock\" > /dev/null\nif [ $? != 0 ] ; then\n    # print error to STDERR\n    echo \"error: The sandbox is not in sync with the Podfile.lock. Run 'pod install' or update your CocoaPods installation.\" >&2\n    exit 1\nfi\n# This output is used by Xcode 'outputs' to avoid re-running this script phase.\necho \"SUCCESS\" > \"${SCRIPT_OUTPUT_FILE_0}\"\n";
			showEnvVarsInLog = 0;
		};
		D990682821834E06E4A2C5D9 /* [CP] Embed Pods Frameworks */ = {
			isa = PBXShellScriptBuildPhase;
			buildActionMask = 2147483647;
			files = (
			);
			inputFileListPaths = (
				"${PODS_ROOT}/Target Support Files/Pods-nutrition-app/Pods-nutrition-app-frameworks-${CONFIGURATION}-input-files.xcfilelist",
			);
			name = "[CP] Embed Pods Frameworks";
			outputFileListPaths = (
				"${PODS_ROOT}/Target Support Files/Pods-nutrition-app/Pods-nutrition-app-frameworks-${CONFIGURATION}-output-files.xcfilelist",
			);
			runOnlyForDeploymentPostprocessing = 0;
			shellPath = /bin/sh;
			shellScript = "\"${PODS_ROOT}/Target Support Files/Pods-nutrition-app/Pods-nutrition-app-frameworks.sh\"\n";
			showEnvVarsInLog = 0;
		};
/* End PBXShellScriptBuildPhase section */

/* Begin PBXSourcesBuildPhase section */
		6D1B685A254DFAEA00F17644 /* Sources */ = {
			isa = PBXSourcesBuildPhase;
			buildActionMask = 2147483647;
			files = (
				6D5E07E72592489800E0CCC2 /* AddChildViewController3.swift in Sources */,
				6D1B6866254DFAEA00F17644 /* QuestionnaireViewController.swift in Sources */,
				6D98C62925521E0500C91B54 /* SignupViewController.swift in Sources */,
				6D98C63D25530ED100C91B54 /* QuestionnaireCellTableViewCell.swift in Sources */,
				6D1B6862254DFAEA00F17644 /* AppDelegate.swift in Sources */,
				6D1B6864254DFAEA00F17644 /* SceneDelegate.swift in Sources */,
				6D98C62425521DF100C91B54 /* LoginViewController.swift in Sources */,
				6DD5A3F12591F0E900CFEB3C /* AddChildViewController2.swift in Sources */,
				6D7FBC9325876CCF00B0E52C /* AddChildViewController.swift in Sources */,
			);
			runOnlyForDeploymentPostprocessing = 0;
		};
		6D1B6870254DFAED00F17644 /* Sources */ = {
			isa = PBXSourcesBuildPhase;
			buildActionMask = 2147483647;
			files = (
				6D1B6879254DFAED00F17644 /* nutrition_appTests.swift in Sources */,
			);
			runOnlyForDeploymentPostprocessing = 0;
		};
		6D1B687B254DFAED00F17644 /* Sources */ = {
			isa = PBXSourcesBuildPhase;
			buildActionMask = 2147483647;
			files = (
				6D1B6884254DFAED00F17644 /* nutrition_appUITests.swift in Sources */,
			);
			runOnlyForDeploymentPostprocessing = 0;
		};
/* End PBXSourcesBuildPhase section */

/* Begin PBXTargetDependency section */
		6D1B6876254DFAED00F17644 /* PBXTargetDependency */ = {
			isa = PBXTargetDependency;
			target = 6D1B685D254DFAEA00F17644 /* nutrition-app */;
			targetProxy = 6D1B6875254DFAED00F17644 /* PBXContainerItemProxy */;
		};
		6D1B6881254DFAED00F17644 /* PBXTargetDependency */ = {
			isa = PBXTargetDependency;
			target = 6D1B685D254DFAEA00F17644 /* nutrition-app */;
			targetProxy = 6D1B6880254DFAED00F17644 /* PBXContainerItemProxy */;
		};
/* End PBXTargetDependency section */

/* Begin PBXVariantGroup section */
		6D1B6867254DFAEA00F17644 /* Main.storyboard */ = {
			isa = PBXVariantGroup;
			children = (
				6D1B6868254DFAEA00F17644 /* Base */,
			);
			name = Main.storyboard;
			sourceTree = "<group>";
		};
		6D1B686C254DFAED00F17644 /* LaunchScreen.storyboard */ = {
			isa = PBXVariantGroup;
			children = (
				6D1B686D254DFAED00F17644 /* Base */,
			);
			name = LaunchScreen.storyboard;
			sourceTree = "<group>";
		};
/* End PBXVariantGroup section */

/* Begin XCBuildConfiguration section */
		6D1B6886254DFAED00F17644 /* Debug */ = {
			isa = XCBuildConfiguration;
			buildSettings = {
				ALWAYS_SEARCH_USER_PATHS = NO;
				CLANG_ANALYZER_NONNULL = YES;
				CLANG_ANALYZER_NUMBER_OBJECT_CONVERSION = YES_AGGRESSIVE;
				CLANG_CXX_LANGUAGE_STANDARD = "gnu++14";
				CLANG_CXX_LIBRARY = "libc++";
				CLANG_ENABLE_MODULES = YES;
				CLANG_ENABLE_OBJC_ARC = YES;
				CLANG_ENABLE_OBJC_WEAK = YES;
				CLANG_WARN_BLOCK_CAPTURE_AUTORELEASING = YES;
				CLANG_WARN_BOOL_CONVERSION = YES;
				CLANG_WARN_COMMA = YES;
				CLANG_WARN_CONSTANT_CONVERSION = YES;
				CLANG_WARN_DEPRECATED_OBJC_IMPLEMENTATIONS = YES;
				CLANG_WARN_DIRECT_OBJC_ISA_USAGE = YES_ERROR;
				CLANG_WARN_DOCUMENTATION_COMMENTS = YES;
				CLANG_WARN_EMPTY_BODY = YES;
				CLANG_WARN_ENUM_CONVERSION = YES;
				CLANG_WARN_INFINITE_RECURSION = YES;
				CLANG_WARN_INT_CONVERSION = YES;
				CLANG_WARN_NON_LITERAL_NULL_CONVERSION = YES;
				CLANG_WARN_OBJC_IMPLICIT_RETAIN_SELF = YES;
				CLANG_WARN_OBJC_LITERAL_CONVERSION = YES;
				CLANG_WARN_OBJC_ROOT_CLASS = YES_ERROR;
				CLANG_WARN_QUOTED_INCLUDE_IN_FRAMEWORK_HEADER = YES;
				CLANG_WARN_RANGE_LOOP_ANALYSIS = YES;
				CLANG_WARN_STRICT_PROTOTYPES = YES;
				CLANG_WARN_SUSPICIOUS_MOVE = YES;
				CLANG_WARN_UNGUARDED_AVAILABILITY = YES_AGGRESSIVE;
				CLANG_WARN_UNREACHABLE_CODE = YES;
				CLANG_WARN__DUPLICATE_METHOD_MATCH = YES;
				COPY_PHASE_STRIP = NO;
				DEBUG_INFORMATION_FORMAT = dwarf;
				ENABLE_STRICT_OBJC_MSGSEND = YES;
				ENABLE_TESTABILITY = YES;
				GCC_C_LANGUAGE_STANDARD = gnu11;
				GCC_DYNAMIC_NO_PIC = NO;
				GCC_NO_COMMON_BLOCKS = YES;
				GCC_OPTIMIZATION_LEVEL = 0;
				GCC_PREPROCESSOR_DEFINITIONS = (
					"DEBUG=1",
					"$(inherited)",
				);
				GCC_WARN_64_TO_32_BIT_CONVERSION = YES;
				GCC_WARN_ABOUT_RETURN_TYPE = YES_ERROR;
				GCC_WARN_UNDECLARED_SELECTOR = YES;
				GCC_WARN_UNINITIALIZED_AUTOS = YES_AGGRESSIVE;
				GCC_WARN_UNUSED_FUNCTION = YES;
				GCC_WARN_UNUSED_VARIABLE = YES;
				IPHONEOS_DEPLOYMENT_TARGET = 13.0;
				MTL_ENABLE_DEBUG_INFO = INCLUDE_SOURCE;
				MTL_FAST_MATH = YES;
				ONLY_ACTIVE_ARCH = YES;
				SDKROOT = iphoneos;
				SWIFT_ACTIVE_COMPILATION_CONDITIONS = DEBUG;
				SWIFT_OPTIMIZATION_LEVEL = "-Onone";
			};
			name = Debug;
		};
		6D1B6887254DFAED00F17644 /* Release */ = {
			isa = XCBuildConfiguration;
			buildSettings = {
				ALWAYS_SEARCH_USER_PATHS = NO;
				CLANG_ANALYZER_NONNULL = YES;
				CLANG_ANALYZER_NUMBER_OBJECT_CONVERSION = YES_AGGRESSIVE;
				CLANG_CXX_LANGUAGE_STANDARD = "gnu++14";
				CLANG_CXX_LIBRARY = "libc++";
				CLANG_ENABLE_MODULES = YES;
				CLANG_ENABLE_OBJC_ARC = YES;
				CLANG_ENABLE_OBJC_WEAK = YES;
				CLANG_WARN_BLOCK_CAPTURE_AUTORELEASING = YES;
				CLANG_WARN_BOOL_CONVERSION = YES;
				CLANG_WARN_COMMA = YES;
				CLANG_WARN_CONSTANT_CONVERSION = YES;
				CLANG_WARN_DEPRECATED_OBJC_IMPLEMENTATIONS = YES;
				CLANG_WARN_DIRECT_OBJC_ISA_USAGE = YES_ERROR;
				CLANG_WARN_DOCUMENTATION_COMMENTS = YES;
				CLANG_WARN_EMPTY_BODY = YES;
				CLANG_WARN_ENUM_CONVERSION = YES;
				CLANG_WARN_INFINITE_RECURSION = YES;
				CLANG_WARN_INT_CONVERSION = YES;
				CLANG_WARN_NON_LITERAL_NULL_CONVERSION = YES;
				CLANG_WARN_OBJC_IMPLICIT_RETAIN_SELF = YES;
				CLANG_WARN_OBJC_LITERAL_CONVERSION = YES;
				CLANG_WARN_OBJC_ROOT_CLASS = YES_ERROR;
				CLANG_WARN_QUOTED_INCLUDE_IN_FRAMEWORK_HEADER = YES;
				CLANG_WARN_RANGE_LOOP_ANALYSIS = YES;
				CLANG_WARN_STRICT_PROTOTYPES = YES;
				CLANG_WARN_SUSPICIOUS_MOVE = YES;
				CLANG_WARN_UNGUARDED_AVAILABILITY = YES_AGGRESSIVE;
				CLANG_WARN_UNREACHABLE_CODE = YES;
				CLANG_WARN__DUPLICATE_METHOD_MATCH = YES;
				COPY_PHASE_STRIP = NO;
				DEBUG_INFORMATION_FORMAT = "dwarf-with-dsym";
				ENABLE_NS_ASSERTIONS = NO;
				ENABLE_STRICT_OBJC_MSGSEND = YES;
				GCC_C_LANGUAGE_STANDARD = gnu11;
				GCC_NO_COMMON_BLOCKS = YES;
				GCC_WARN_64_TO_32_BIT_CONVERSION = YES;
				GCC_WARN_ABOUT_RETURN_TYPE = YES_ERROR;
				GCC_WARN_UNDECLARED_SELECTOR = YES;
				GCC_WARN_UNINITIALIZED_AUTOS = YES_AGGRESSIVE;
				GCC_WARN_UNUSED_FUNCTION = YES;
				GCC_WARN_UNUSED_VARIABLE = YES;
				IPHONEOS_DEPLOYMENT_TARGET = 13.0;
				MTL_ENABLE_DEBUG_INFO = NO;
				MTL_FAST_MATH = YES;
				SDKROOT = iphoneos;
				SWIFT_COMPILATION_MODE = wholemodule;
				SWIFT_OPTIMIZATION_LEVEL = "-O";
				VALIDATE_PRODUCT = YES;
			};
			name = Release;
		};
		6D1B6889254DFAED00F17644 /* Debug */ = {
			isa = XCBuildConfiguration;
			baseConfigurationReference = CA83BCC2AE3CA81EB9DA97B2 /* Pods-nutrition-app.debug.xcconfig */;
			buildSettings = {
				ASSETCATALOG_COMPILER_APPICON_NAME = AppIcon;
				ASSETCATALOG_COMPILER_GLOBAL_ACCENT_COLOR_NAME = AccentColor;
				CODE_SIGN_STYLE = Automatic;
				INFOPLIST_FILE = "nutrition-app/Info.plist";
				LD_RUNPATH_SEARCH_PATHS = (
					"$(inherited)",
					"@executable_path/Frameworks",
				);
				PRODUCT_BUNDLE_IDENTIFIER = "com.marquette.nutrition-app";
				PRODUCT_NAME = "$(TARGET_NAME)";
				SWIFT_VERSION = 5.0;
				TARGETED_DEVICE_FAMILY = "1,2";
			};
			name = Debug;
		};
		6D1B688A254DFAED00F17644 /* Release */ = {
			isa = XCBuildConfiguration;
			baseConfigurationReference = 8ED6C93CA808D2CC5A07F234 /* Pods-nutrition-app.release.xcconfig */;
			buildSettings = {
				ASSETCATALOG_COMPILER_APPICON_NAME = AppIcon;
				ASSETCATALOG_COMPILER_GLOBAL_ACCENT_COLOR_NAME = AccentColor;
				CODE_SIGN_STYLE = Automatic;
				INFOPLIST_FILE = "nutrition-app/Info.plist";
				LD_RUNPATH_SEARCH_PATHS = (
					"$(inherited)",
					"@executable_path/Frameworks",
				);
				PRODUCT_BUNDLE_IDENTIFIER = "com.marquette.nutrition-app";
				PRODUCT_NAME = "$(TARGET_NAME)";
				SWIFT_VERSION = 5.0;
				TARGETED_DEVICE_FAMILY = "1,2";
			};
			name = Release;
		};
		6D1B688C254DFAED00F17644 /* Debug */ = {
			isa = XCBuildConfiguration;
			baseConfigurationReference = A0F4D403466BAA8EC4397C7B /* Pods-nutrition-appTests.debug.xcconfig */;
			buildSettings = {
				ALWAYS_EMBED_SWIFT_STANDARD_LIBRARIES = YES;
				BUNDLE_LOADER = "$(TEST_HOST)";
				CODE_SIGN_STYLE = Automatic;
				INFOPLIST_FILE = "nutrition-appTests/Info.plist";
				IPHONEOS_DEPLOYMENT_TARGET = 14.1;
				LD_RUNPATH_SEARCH_PATHS = (
					"$(inherited)",
					"@executable_path/Frameworks",
					"@loader_path/Frameworks",
				);
				PRODUCT_BUNDLE_IDENTIFIER = "com.marquette.nutrition-appTests";
				PRODUCT_NAME = "$(TARGET_NAME)";
				SWIFT_VERSION = 5.0;
				TARGETED_DEVICE_FAMILY = "1,2";
				TEST_HOST = "$(BUILT_PRODUCTS_DIR)/nutrition-app.app/nutrition-app";
			};
			name = Debug;
		};
		6D1B688D254DFAED00F17644 /* Release */ = {
			isa = XCBuildConfiguration;
			baseConfigurationReference = 3C58697E6368A10313468A3D /* Pods-nutrition-appTests.release.xcconfig */;
			buildSettings = {
				ALWAYS_EMBED_SWIFT_STANDARD_LIBRARIES = YES;
				BUNDLE_LOADER = "$(TEST_HOST)";
				CODE_SIGN_STYLE = Automatic;
				INFOPLIST_FILE = "nutrition-appTests/Info.plist";
				IPHONEOS_DEPLOYMENT_TARGET = 14.1;
				LD_RUNPATH_SEARCH_PATHS = (
					"$(inherited)",
					"@executable_path/Frameworks",
					"@loader_path/Frameworks",
				);
				PRODUCT_BUNDLE_IDENTIFIER = "com.marquette.nutrition-appTests";
				PRODUCT_NAME = "$(TARGET_NAME)";
				SWIFT_VERSION = 5.0;
				TARGETED_DEVICE_FAMILY = "1,2";
				TEST_HOST = "$(BUILT_PRODUCTS_DIR)/nutrition-app.app/nutrition-app";
			};
			name = Release;
		};
		6D1B688F254DFAED00F17644 /* Debug */ = {
			isa = XCBuildConfiguration;
			baseConfigurationReference = 42A74DC398D80C32998E7DE1 /* Pods-nutrition-app-nutrition-appUITests.debug.xcconfig */;
			buildSettings = {
				ALWAYS_EMBED_SWIFT_STANDARD_LIBRARIES = YES;
				CODE_SIGN_STYLE = Automatic;
				INFOPLIST_FILE = "nutrition-appUITests/Info.plist";
				LD_RUNPATH_SEARCH_PATHS = (
					"$(inherited)",
					"@executable_path/Frameworks",
					"@loader_path/Frameworks",
				);
				PRODUCT_BUNDLE_IDENTIFIER = "com.marquette.nutrition-appUITests";
				PRODUCT_NAME = "$(TARGET_NAME)";
				SWIFT_VERSION = 5.0;
				TARGETED_DEVICE_FAMILY = "1,2";
				TEST_TARGET_NAME = "nutrition-app";
			};
			name = Debug;
		};
		6D1B6890254DFAED00F17644 /* Release */ = {
			isa = XCBuildConfiguration;
			baseConfigurationReference = FA80B916E802E4123F8A14E8 /* Pods-nutrition-app-nutrition-appUITests.release.xcconfig */;
			buildSettings = {
				ALWAYS_EMBED_SWIFT_STANDARD_LIBRARIES = YES;
				CODE_SIGN_STYLE = Automatic;
				INFOPLIST_FILE = "nutrition-appUITests/Info.plist";
				LD_RUNPATH_SEARCH_PATHS = (
					"$(inherited)",
					"@executable_path/Frameworks",
					"@loader_path/Frameworks",
				);
				PRODUCT_BUNDLE_IDENTIFIER = "com.marquette.nutrition-appUITests";
				PRODUCT_NAME = "$(TARGET_NAME)";
				SWIFT_VERSION = 5.0;
				TARGETED_DEVICE_FAMILY = "1,2";
				TEST_TARGET_NAME = "nutrition-app";
			};
			name = Release;
		};
/* End XCBuildConfiguration section */

/* Begin XCConfigurationList section */
		6D1B6859254DFAEA00F17644 /* Build configuration list for PBXProject "nutrition-app" */ = {
			isa = XCConfigurationList;
			buildConfigurations = (
				6D1B6886254DFAED00F17644 /* Debug */,
				6D1B6887254DFAED00F17644 /* Release */,
			);
			defaultConfigurationIsVisible = 0;
			defaultConfigurationName = Release;
		};
		6D1B6888254DFAED00F17644 /* Build configuration list for PBXNativeTarget "nutrition-app" */ = {
			isa = XCConfigurationList;
			buildConfigurations = (
				6D1B6889254DFAED00F17644 /* Debug */,
				6D1B688A254DFAED00F17644 /* Release */,
			);
			defaultConfigurationIsVisible = 0;
			defaultConfigurationName = Release;
		};
		6D1B688B254DFAED00F17644 /* Build configuration list for PBXNativeTarget "nutrition-appTests" */ = {
			isa = XCConfigurationList;
			buildConfigurations = (
				6D1B688C254DFAED00F17644 /* Debug */,
				6D1B688D254DFAED00F17644 /* Release */,
			);
			defaultConfigurationIsVisible = 0;
			defaultConfigurationName = Release;
		};
		6D1B688E254DFAED00F17644 /* Build configuration list for PBXNativeTarget "nutrition-appUITests" */ = {
			isa = XCConfigurationList;
			buildConfigurations = (
				6D1B688F254DFAED00F17644 /* Debug */,
				6D1B6890254DFAED00F17644 /* Release */,
			);
			defaultConfigurationIsVisible = 0;
			defaultConfigurationName = Release;
		};
/* End XCConfigurationList section */
	};
	rootObject = 6D1B6856254DFAEA00F17644 /* Project object */;
}
